// !$*UTF8*$!
{
	archiveVersion = 1;
	classes = {
	};
	objectVersion = 46;
	objects = {

/* Begin PBXBuildFile section */
		A3755EB51E5A8D56008C5CBA /* AppDelegate.swift in Sources */ = {isa = PBXBuildFile; fileRef = A3755EAD1E5A8D56008C5CBA /* AppDelegate.swift */; };
		A3755EB61E5A8D56008C5CBA /* Assets.xcassets in Resources */ = {isa = PBXBuildFile; fileRef = A3755EAE1E5A8D56008C5CBA /* Assets.xcassets */; };
		A3755EB71E5A8D56008C5CBA /* LaunchScreen.storyboard in Resources */ = {isa = PBXBuildFile; fileRef = A3755EAF1E5A8D56008C5CBA /* LaunchScreen.storyboard */; };
		A3755EB91E5A8D56008C5CBA /* Info.plist in Resources */ = {isa = PBXBuildFile; fileRef = A3755EB31E5A8D56008C5CBA /* Info.plist */; };
		A3755EBA1E5A8D56008C5CBA /* ViewController.swift in Sources */ = {isa = PBXBuildFile; fileRef = A3755EB41E5A8D56008C5CBA /* ViewController.swift */; };
		A3755EC21E5A8DDE008C5CBA /* YZPopOverItem.swift in Sources */ = {isa = PBXBuildFile; fileRef = A3755EBD1E5A8DDE008C5CBA /* YZPopOverItem.swift */; };
		A3755EC31E5A8DDE008C5CBA /* YZPopOverlay.swift in Sources */ = {isa = PBXBuildFile; fileRef = A3755EBE1E5A8DDE008C5CBA /* YZPopOverlay.swift */; };
		A3755EC41E5A8DDE008C5CBA /* YZPopOverMenuView.swift in Sources */ = {isa = PBXBuildFile; fileRef = A3755EBF1E5A8DDE008C5CBA /* YZPopOverMenuView.swift */; };
		A3755EC51E5A8DDE008C5CBA /* YZPopOverView.swift in Sources */ = {isa = PBXBuildFile; fileRef = A3755EC01E5A8DDE008C5CBA /* YZPopOverView.swift */; };
		A3755EC71E5A8E3A008C5CBA /* YZTestCell.swift in Sources */ = {isa = PBXBuildFile; fileRef = A3755EC61E5A8E3A008C5CBA /* YZTestCell.swift */; };
		A3755EC91E5A8EA8008C5CBA /* testViewController.swift in Sources */ = {isa = PBXBuildFile; fileRef = A3755EC81E5A8EA8008C5CBA /* testViewController.swift */; };
		A3755ED61E5ACB7A008C5CBA /* LICENSE in Resources */ = {isa = PBXBuildFile; fileRef = A3755ED41E5ACB7A008C5CBA /* LICENSE */; };
		A3755ED71E5ACB7A008C5CBA /* README.md in Sources */ = {isa = PBXBuildFile; fileRef = A3755ED51E5ACB7A008C5CBA /* README.md */; };
		A3755ED91E5ACBDC008C5CBA /* action_icon.png in Resources */ = {isa = PBXBuildFile; fileRef = A3755ED81E5ACBDC008C5CBA /* action_icon.png */; };
/* End PBXBuildFile section */

/* Begin PBXFileReference section */
		A3755E971E5A8D0A008C5CBA /* YZPopOverView.app */ = {isa = PBXFileReference; explicitFileType = wrapper.application; includeInIndex = 0; path = YZPopOverView.app; sourceTree = BUILT_PRODUCTS_DIR; };
		A3755EAD1E5A8D56008C5CBA /* AppDelegate.swift */ = {isa = PBXFileReference; fileEncoding = 4; lastKnownFileType = sourcecode.swift; path = AppDelegate.swift; sourceTree = "<group>"; };
		A3755EAE1E5A8D56008C5CBA /* Assets.xcassets */ = {isa = PBXFileReference; lastKnownFileType = folder.assetcatalog; path = Assets.xcassets; sourceTree = "<group>"; };
		A3755EB01E5A8D56008C5CBA /* Base */ = {isa = PBXFileReference; lastKnownFileType = file.storyboard; name = Base; path = Base.lproj/LaunchScreen.storyboard; sourceTree = "<group>"; };
		A3755EB31E5A8D56008C5CBA /* Info.plist */ = {isa = PBXFileReference; fileEncoding = 4; lastKnownFileType = text.plist.xml; path = Info.plist; sourceTree = "<group>"; };
		A3755EB41E5A8D56008C5CBA /* ViewController.swift */ = {isa = PBXFileReference; fileEncoding = 4; lastKnownFileType = sourcecode.swift; path = ViewController.swift; sourceTree = "<group>"; };
		A3755EBD1E5A8DDE008C5CBA /* YZPopOverItem.swift */ = {isa = PBXFileReference; fileEncoding = 4; lastKnownFileType = sourcecode.swift; path = YZPopOverItem.swift; sourceTree = "<group>"; };
		A3755EBE1E5A8DDE008C5CBA /* YZPopOverlay.swift */ = {isa = PBXFileReference; fileEncoding = 4; lastKnownFileType = sourcecode.swift; path = YZPopOverlay.swift; sourceTree = "<group>"; };
		A3755EBF1E5A8DDE008C5CBA /* YZPopOverMenuView.swift */ = {isa = PBXFileReference; fileEncoding = 4; lastKnownFileType = sourcecode.swift; path = YZPopOverMenuView.swift; sourceTree = "<group>"; };
		A3755EC01E5A8DDE008C5CBA /* YZPopOverView.swift */ = {isa = PBXFileReference; fileEncoding = 4; lastKnownFileType = sourcecode.swift; path = YZPopOverView.swift; sourceTree = "<group>"; };
		A3755EC61E5A8E3A008C5CBA /* YZTestCell.swift */ = {isa = PBXFileReference; fileEncoding = 4; lastKnownFileType = sourcecode.swift; path = YZTestCell.swift; sourceTree = "<group>"; };
		A3755EC81E5A8EA8008C5CBA /* testViewController.swift */ = {isa = PBXFileReference; fileEncoding = 4; lastKnownFileType = sourcecode.swift; path = testViewController.swift; sourceTree = "<group>"; };
		A3755ED41E5ACB7A008C5CBA /* LICENSE */ = {isa = PBXFileReference; fileEncoding = 4; lastKnownFileType = text; path = LICENSE; sourceTree = "<group>"; };
		A3755ED51E5ACB7A008C5CBA /* README.md */ = {isa = PBXFileReference; fileEncoding = 4; lastKnownFileType = net.daringfireball.markdown; path = README.md; sourceTree = "<group>"; };
		A3755ED81E5ACBDC008C5CBA /* action_icon.png */ = {isa = PBXFileReference; lastKnownFileType = image.png; path = action_icon.png; sourceTree = "<group>"; };
/* End PBXFileReference section */

/* Begin PBXFrameworksBuildPhase section */
		A3755E941E5A8D0A008C5CBA /* Frameworks */ = {
			isa = PBXFrameworksBuildPhase;
			buildActionMask = 2147483647;
			files = (
			);
			runOnlyForDeploymentPostprocessing = 0;
		};
/* End PBXFrameworksBuildPhase section */

/* Begin PBXGroup section */
		A3755E8E1E5A8D0A008C5CBA = {
			isa = PBXGroup;
			children = (
				A3755EBB1E5A8DDE008C5CBA /* YZPopOverView */,
				A3755EAC1E5A8D56008C5CBA /* Example */,
				A3755ED41E5ACB7A008C5CBA /* LICENSE */,
				A3755ED51E5ACB7A008C5CBA /* README.md */,
				A3755E991E5A8D0A008C5CBA /* YZPopOverView */,
				A3755E981E5A8D0A008C5CBA /* Products */,
			);
			sourceTree = "<group>";
		};
		A3755E981E5A8D0A008C5CBA /* Products */ = {
			isa = PBXGroup;
			children = (
				A3755E971E5A8D0A008C5CBA /* YZPopOverView.app */,
			);
			name = Products;
			sourceTree = "<group>";
		};
		A3755E991E5A8D0A008C5CBA /* YZPopOverView */ = {
			isa = PBXGroup;
			children = (
			);
			path = YZPopOverView;
			sourceTree = "<group>";
		};
		A3755EAC1E5A8D56008C5CBA /* Example */ = {
			isa = PBXGroup;
			children = (
				A3755ED81E5ACBDC008C5CBA /* action_icon.png */,
				A3755EC61E5A8E3A008C5CBA /* YZTestCell.swift */,
				A3755EAD1E5A8D56008C5CBA /* AppDelegate.swift */,
				A3755EAE1E5A8D56008C5CBA /* Assets.xcassets */,
				A3755EAF1E5A8D56008C5CBA /* LaunchScreen.storyboard */,
				A3755EB31E5A8D56008C5CBA /* Info.plist */,
				A3755EB41E5A8D56008C5CBA /* ViewController.swift */,
				A3755EC81E5A8EA8008C5CBA /* testViewController.swift */,
			);
			path = Example;
			sourceTree = "<group>";
		};
		A3755EBB1E5A8DDE008C5CBA /* YZPopOverView */ = {
			isa = PBXGroup;
			children = (
				A3755EBD1E5A8DDE008C5CBA /* YZPopOverItem.swift */,
				A3755EBE1E5A8DDE008C5CBA /* YZPopOverlay.swift */,
				A3755EBF1E5A8DDE008C5CBA /* YZPopOverMenuView.swift */,
				A3755EC01E5A8DDE008C5CBA /* YZPopOverView.swift */,
			);
			path = YZPopOverView;
			sourceTree = "<group>";
		};
/* End PBXGroup section */

/* Begin PBXNativeTarget section */
		A3755E961E5A8D0A008C5CBA /* YZPopOverView */ = {
			isa = PBXNativeTarget;
			buildConfigurationList = A3755EA91E5A8D0A008C5CBA /* Build configuration list for PBXNativeTarget "YZPopOverView" */;
			buildPhases = (
				A3755E931E5A8D0A008C5CBA /* Sources */,
				A3755E941E5A8D0A008C5CBA /* Frameworks */,
				A3755E951E5A8D0A008C5CBA /* Resources */,
			);
			buildRules = (
			);
			dependencies = (
			);
			name = YZPopOverView;
			productName = YZPopOverView;
			productReference = A3755E971E5A8D0A008C5CBA /* YZPopOverView.app */;
			productType = "com.apple.product-type.application";
		};
/* End PBXNativeTarget section */

/* Begin PBXProject section */
		A3755E8F1E5A8D0A008C5CBA /* Project object */ = {
			isa = PBXProject;
			attributes = {
				LastSwiftUpdateCheck = 0820;
				LastUpgradeCheck = 0820;
				ORGANIZATIONNAME = GRSource;
				TargetAttributes = {
					A3755E961E5A8D0A008C5CBA = {
						CreatedOnToolsVersion = 8.2.1;
						DevelopmentTeam = 6XVY45KN56;
						ProvisioningStyle = Automatic;
					};
				};
			};
			buildConfigurationList = A3755E921E5A8D0A008C5CBA /* Build configuration list for PBXProject "YZPopOverView" */;
			compatibilityVersion = "Xcode 3.2";
			developmentRegion = English;
			hasScannedForEncodings = 0;
			knownRegions = (
				en,
				Base,
			);
			mainGroup = A3755E8E1E5A8D0A008C5CBA;
			productRefGroup = A3755E981E5A8D0A008C5CBA /* Products */;
			projectDirPath = "";
			projectRoot = "";
			targets = (
				A3755E961E5A8D0A008C5CBA /* YZPopOverView */,
			);
		};
/* End PBXProject section */

/* Begin PBXResourcesBuildPhase section */
		A3755E951E5A8D0A008C5CBA /* Resources */ = {
			isa = PBXResourcesBuildPhase;
			buildActionMask = 2147483647;
			files = (
				A3755EB91E5A8D56008C5CBA /* Info.plist in Resources */,
				A3755EB71E5A8D56008C5CBA /* LaunchScreen.storyboard in Resources */,
				A3755EB61E5A8D56008C5CBA /* Assets.xcassets in Resources */,
				A3755ED61E5ACB7A008C5CBA /* LICENSE in Resources */,
				A3755ED91E5ACBDC008C5CBA /* action_icon.png in Resources */,
			);
			runOnlyForDeploymentPostprocessing = 0;
		};
/* End PBXResourcesBuildPhase section */

/* Begin PBXSourcesBuildPhase section */
		A3755E931E5A8D0A008C5CBA /* Sources */ = {
			isa = PBXSourcesBuildPhase;
			buildActionMask = 2147483647;
			files = (
				A3755EC41E5A8DDE008C5CBA /* YZPopOverMenuView.swift in Sources */,
				A3755EC21E5A8DDE008C5CBA /* YZPopOverItem.swift in Sources */,
				A3755EC91E5A8EA8008C5CBA /* testViewController.swift in Sources */,
				A3755EC31E5A8DDE008C5CBA /* YZPopOverlay.swift in Sources */,
				A3755EC51E5A8DDE008C5CBA /* YZPopOverView.swift in Sources */,
				A3755EBA1E5A8D56008C5CBA /* ViewController.swift in Sources */,
				A3755ED71E5ACB7A008C5CBA /* README.md in Sources */,
				A3755EB51E5A8D56008C5CBA /* AppDelegate.swift in Sources */,
				A3755EC71E5A8E3A008C5CBA /* YZTestCell.swift in Sources */,
			);
			runOnlyForDeploymentPostprocessing = 0;
		};
/* End PBXSourcesBuildPhase section */

/* Begin PBXVariantGroup section */
		A3755EAF1E5A8D56008C5CBA /* LaunchScreen.storyboard */ = {
			isa = PBXVariantGroup;
			children = (
				A3755EB01E5A8D56008C5CBA /* Base */,
			);
			name = LaunchScreen.storyboard;
			sourceTree = "<group>";
		};
/* End PBXVariantGroup section */

/* Begin XCBuildConfiguration section */
		A3755EA71E5A8D0A008C5CBA /* Debug */ = {
			isa = XCBuildConfiguration;
			buildSettings = {
				ALWAYS_SEARCH_USER_PATHS = NO;
				CLANG_ANALYZER_NONNULL = YES;
				CLANG_CXX_LANGUAGE_STANDARD = "gnu++0x";
				CLANG_CXX_LIBRARY = "libc++";
				CLANG_ENABLE_MODULES = YES;
				CLANG_ENABLE_OBJC_ARC = YES;
				CLANG_WARN_BOOL_CONVERSION = YES;
				CLANG_WARN_CONSTANT_CONVERSION = YES;
				CLANG_WARN_DIRECT_OBJC_ISA_USAGE = YES_ERROR;
				CLANG_WARN_DOCUMENTATION_COMMENTS = YES;
				CLANG_WARN_EMPTY_BODY = YES;
				CLANG_WARN_ENUM_CONVERSION = YES;
				CLANG_WARN_INFINITE_RECURSION = YES;
				CLANG_WARN_INT_CONVERSION = YES;
				CLANG_WARN_OBJC_ROOT_CLASS = YES_ERROR;
				CLANG_WARN_SUSPICIOUS_MOVE = YES;
				CLANG_WARN_UNREACHABLE_CODE = YES;
				CLANG_WARN__DUPLICATE_METHOD_MATCH = YES;
				"CODE_SIGN_IDENTITY[sdk=iphoneos*]" = "iPhone Developer";
				COPY_PHASE_STRIP = NO;
				DEBUG_INFORMATION_FORMAT = dwarf;
				ENABLE_STRICT_OBJC_MSGSEND = YES;
				ENABLE_TESTABILITY = YES;
				GCC_C_LANGUAGE_STANDARD = gnu99;
				GCC_DYNAMIC_NO_PIC = NO;
				GCC_NO_COMMON_BLOCKS = YES;
				GCC_OPTIMIZATION_LEVEL = 0;
				GCC_PREPROCESSOR_DEFINITIONS = (
					"DEBUG=1",
					"$(inherited)",
				);
				GCC_WARN_64_TO_32_BIT_CONVERSION = YES;
				GCC_WARN_ABOUT_RETURN_TYPE = YES_ERROR;
				GCC_WARN_UNDECLARED_SELECTOR = YES;
				GCC_WARN_UNINITIALIZED_AUTOS = YES_AGGRESSIVE;
				GCC_WARN_UNUSED_FUNCTION = YES;
				GCC_WARN_UNUSED_VARIABLE = YES;
				IPHONEOS_DEPLOYMENT_TARGET = 10.2;
				MTL_ENABLE_DEBUG_INFO = YES;
				ONLY_ACTIVE_ARCH = YES;
				SDKROOT = iphoneos;
				SWIFT_ACTIVE_COMPILATION_CONDITIONS = DEBUG;
				SWIFT_OPTIMIZATION_LEVEL = "-Onone";
			};
			name = Debug;
		};
		A3755EA81E5A8D0A008C5CBA /* Release */ = {
			isa = XCBuildConfiguration;
			buildSettings = {
				ALWAYS_SEARCH_USER_PATHS = NO;
				CLANG_ANALYZER_NONNULL = YES;
				CLANG_CXX_LANGUAGE_STANDARD = "gnu++0x";
				CLANG_CXX_LIBRARY = "libc++";
				CLANG_ENABLE_MODULES = YES;
				CLANG_ENABLE_OBJC_ARC = YES;
				CLANG_WARN_BOOL_CONVERSION = YES;
				CLANG_WARN_CONSTANT_CONVERSION = YES;
				CLANG_WARN_DIRECT_OBJC_ISA_USAGE = YES_ERROR;
				CLANG_WARN_DOCUMENTATION_COMMENTS = YES;
				CLANG_WARN_EMPTY_BODY = YES;
				CLANG_WARN_ENUM_CONVERSION = YES;
				CLANG_WARN_INFINITE_RECURSION = YES;
				CLANG_WARN_INT_CONVERSION = YES;
				CLANG_WARN_OBJC_ROOT_CLASS = YES_ERROR;
				CLANG_WARN_SUSPICIOUS_MOVE = YES;
				CLANG_WARN_UNREACHABLE_CODE = YES;
				CLANG_WARN__DUPLICATE_METHOD_MATCH = YES;
				"CODE_SIGN_IDENTITY[sdk=iphoneos*]" = "iPhone Developer";
				COPY_PHASE_STRIP = NO;
				DEBUG_INFORMATION_FORMAT = "dwarf-with-dsym";
				ENABLE_NS_ASSERTIONS = NO;
				ENABLE_STRICT_OBJC_MSGSEND = YES;
				GCC_C_LANGUAGE_STANDARD = gnu99;
				GCC_NO_COMMON_BLOCKS = YES;
				GCC_WARN_64_TO_32_BIT_CONVERSION = YES;
				GCC_WARN_ABOUT_RETURN_TYPE = YES_ERROR;
				GCC_WARN_UNDECLARED_SELECTOR = YES;
				GCC_WARN_UNINITIALIZED_AUTOS = YES_AGGRESSIVE;
				GCC_WARN_UNUSED_FUNCTION = YES;
				GCC_WARN_UNUSED_VARIABLE = YES;
				IPHONEOS_DEPLOYMENT_TARGET = 10.2;
				MTL_ENABLE_DEBUG_INFO = NO;
				SDKROOT = iphoneos;
				SWIFT_OPTIMIZATION_LEVEL = "-Owholemodule";
				VALIDATE_PRODUCT = YES;
			};
			name = Release;
		};
		A3755EAA1E5A8D0A008C5CBA /* Debug */ = {
			isa = XCBuildConfiguration;
			buildSettings = {
				ASSETCATALOG_COMPILER_APPICON_NAME = AppIcon;
				DEVELOPMENT_TEAM = 6XVY45KN56;
				INFOPLIST_FILE = "$(SRCROOT)/Example/Info.plist";
				LD_RUNPATH_SEARCH_PATHS = "$(inherited) @executable_path/Frameworks";
				PRODUCT_BUNDLE_IDENTIFIER = com.GRSource.YZPopOverView;
				PRODUCT_NAME = "$(TARGET_NAME)";
				SWIFT_VERSION = 3.0;
			};
			name = Debug;
		};
		A3755EAB1E5A8D0A008C5CBA /* Release */ = {
			isa = XCBuildConfiguration;
			buildSettings = {
				ASSETCATALOG_COMPILER_APPICON_NAME = AppIcon;
				DEVELOPMENT_TEAM = 6XVY45KN56;
				INFOPLIST_FILE = "$(SRCROOT)/Example/Info.plist";
				LD_RUNPATH_SEARCH_PATHS = "$(inherited) @executable_path/Frameworks";
				PRODUCT_BUNDLE_IDENTIFIER = com.GRSource.YZPopOverView;
				PRODUCT_NAME = "$(TARGET_NAME)";
				SWIFT_VERSION = 3.0;
			};
			name = Release;
		};
/* End XCBuildConfiguration section */

/* Begin XCConfigurationList section */
		A3755E921E5A8D0A008C5CBA /* Build configuration list for PBXProject "YZPopOverView" */ = {
			isa = XCConfigurationList;
			buildConfigurations = (
				A3755EA71E5A8D0A008C5CBA /* Debug */,
				A3755EA81E5A8D0A008C5CBA /* Release */,
			);
			defaultConfigurationIsVisible = 0;
			defaultConfigurationName = Release;
		};
		A3755EA91E5A8D0A008C5CBA /* Build configuration list for PBXNativeTarget "YZPopOverView" */ = {
			isa = XCConfigurationList;
			buildConfigurations = (
				A3755EAA1E5A8D0A008C5CBA /* Debug */,
				A3755EAB1E5A8D0A008C5CBA /* Release */,
			);
			defaultConfigurationIsVisible = 0;
			defaultConfigurationName = Release;
		};
/* End XCConfigurationList section */
	};
	rootObject = A3755E8F1E5A8D0A008C5CBA /* Project object */;
}
